// !$*UTF8*$!
{
	archiveVersion = 1;
	classes = {
	};
	objectVersion = 77;
	objects = {

/* Begin PBXContainerItemProxy section */
		3FFFF9C52E72913D007E2D45 /* PBXContainerItemProxy */ = {
			isa = PBXContainerItemProxy;
			containerPortal = 3FFFF9AF2E72913B007E2D45 /* Project object */;
			proxyType = 1;
			remoteGlobalIDString = 3FFFF9B62E72913B007E2D45;
			remoteInfo = "W01-Feli";
		};
		3FFFF9CF2E72913D007E2D45 /* PBXContainerItemProxy */ = {
			isa = PBXContainerItemProxy;
			containerPortal = 3FFFF9AF2E72913B007E2D45 /* Project object */;
			proxyType = 1;
			remoteGlobalIDString = 3FFFF9B62E72913B007E2D45;
			remoteInfo = "W01-Feli";
		};
/* End PBXContainerItemProxy section */

/* Begin PBXFileReference section */
		3FFFF9B72E72913B007E2D45 /* W01-Feli.app */ = {isa = PBXFileReference; explicitFileType = wrapper.application; includeInIndex = 0; path = "W01-Feli.app"; sourceTree = BUILT_PRODUCTS_DIR; };
		3FFFF9C42E72913D007E2D45 /* W01-FeliTests.xctest */ = {isa = PBXFileReference; explicitFileType = wrapper.cfbundle; includeInIndex = 0; path = "W01-FeliTests.xctest"; sourceTree = BUILT_PRODUCTS_DIR; };
		3FFFF9CE2E72913D007E2D45 /* W01-FeliUITests.xctest */ = {isa = PBXFileReference; explicitFileType = wrapper.cfbundle; includeInIndex = 0; path = "W01-FeliUITests.xctest"; sourceTree = BUILT_PRODUCTS_DIR; };
/* End PBXFileReference section */

/* Begin PBXFileSystemSynchronizedRootGroup section */
		3FFFF9B92E72913B007E2D45 /* W01-Feli */ = {
			isa = PBXFileSystemSynchronizedRootGroup;
			path = "W01-Feli";
			sourceTree = "<group>";
		};
		3FFFF9C72E72913D007E2D45 /* W01-FeliTests */ = {
			isa = PBXFileSystemSynchronizedRootGroup;
			path = "W01-FeliTests";
			sourceTree = "<group>";
		};
		3FFFF9D12E72913D007E2D45 /* W01-FeliUITests */ = {
			isa = PBXFileSystemSynchronizedRootGroup;
			path = "W01-FeliUITests";
			sourceTree = "<group>";
		};
/* End PBXFileSystemSynchronizedRootGroup section */

/* Begin PBXFrameworksBuildPhase section */
		3FFFF9B42E72913B007E2D45 /* Frameworks */ = {
			isa = PBXFrameworksBuildPhase;
			buildActionMask = 2147483647;
			files = (
			);
			runOnlyForDeploymentPostprocessing = 0;
		};
		3FFFF9C12E72913D007E2D45 /* Frameworks */ = {
			isa = PBXFrameworksBuildPhase;
			buildActionMask = 2147483647;
			files = (
			);
			runOnlyForDeploymentPostprocessing = 0;
		};
		3FFFF9CB2E72913D007E2D45 /* Frameworks */ = {
			isa = PBXFrameworksBuildPhase;
			buildActionMask = 2147483647;
			files = (
			);
			runOnlyForDeploymentPostprocessing = 0;
		};
/* End PBXFrameworksBuildPhase section */

/* Begin PBXGroup section */
		3FFFF9AE2E72913B007E2D45 = {
			isa = PBXGroup;
			children = (
				3FFFF9B92E72913B007E2D45 /* W01-Feli */,
				3FFFF9C72E72913D007E2D45 /* W01-FeliTests */,
				3FFFF9D12E72913D007E2D45 /* W01-FeliUITests */,
				3FFFF9B82E72913B007E2D45 /* Products */,
			);
			sourceTree = "<group>";
		};
		3FFFF9B82E72913B007E2D45 /* Products */ = {
			isa = PBXGroup;
			children = (
				3FFFF9B72E72913B007E2D45 /* W01-Feli.app */,
				3FFFF9C42E72913D007E2D45 /* W01-FeliTests.xctest */,
				3FFFF9CE2E72913D007E2D45 /* W01-FeliUITests.xctest */,
			);
			name = Products;
			sourceTree = "<group>";
		};
/* End PBXGroup section */

/* Begin PBXNativeTarget section */
		3FFFF9B62E72913B007E2D45 /* W01-Feli */ = {
			isa = PBXNativeTarget;
			buildConfigurationList = 3FFFF9D82E72913D007E2D45 /* Build configuration list for PBXNativeTarget "W01-Feli" */;
			buildPhases = (
				3FFFF9B32E72913B007E2D45 /* Sources */,
				3FFFF9B42E72913B007E2D45 /* Frameworks */,
				3FFFF9B52E72913B007E2D45 /* Resources */,
			);
			buildRules = (
			);
			dependencies = (
			);
			fileSystemSynchronizedGroups = (
				3FFFF9B92E72913B007E2D45 /* W01-Feli */,
			);
			name = "W01-Feli";
			packageProductDependencies = (
			);
			productName = "W01-Feli";
			productReference = 3FFFF9B72E72913B007E2D45 /* W01-Feli.app */;
			productType = "com.apple.product-type.application";
		};
		3FFFF9C32E72913D007E2D45 /* W01-FeliTests */ = {
			isa = PBXNativeTarget;
			buildConfigurationList = 3FFFF9DB2E72913D007E2D45 /* Build configuration list for PBXNativeTarget "W01-FeliTests" */;
			buildPhases = (
				3FFFF9C02E72913D007E2D45 /* Sources */,
				3FFFF9C12E72913D007E2D45 /* Frameworks */,
				3FFFF9C22E72913D007E2D45 /* Resources */,
			);
			buildRules = (
			);
			dependencies = (
				3FFFF9C62E72913D007E2D45 /* PBXTargetDependency */,
			);
			fileSystemSynchronizedGroups = (
				3FFFF9C72E72913D007E2D45 /* W01-FeliTests */,
			);
			name = "W01-FeliTests";
			packageProductDependencies = (
			);
			productName = "W01-FeliTests";
			productReference = 3FFFF9C42E72913D007E2D45 /* W01-FeliTests.xctest */;
			productType = "com.apple.product-type.bundle.unit-test";
		};
		3FFFF9CD2E72913D007E2D45 /* W01-FeliUITests */ = {
			isa = PBXNativeTarget;
			buildConfigurationList = 3FFFF9DE2E72913D007E2D45 /* Build configuration list for PBXNativeTarget "W01-FeliUITests" */;
			buildPhases = (
				3FFFF9CA2E72913D007E2D45 /* Sources */,
				3FFFF9CB2E72913D007E2D45 /* Frameworks */,
				3FFFF9CC2E72913D007E2D45 /* Resources */,
			);
			buildRules = (
			);
			dependencies = (
				3FFFF9D02E72913D007E2D45 /* PBXTargetDependency */,
			);
			fileSystemSynchronizedGroups = (
				3FFFF9D12E72913D007E2D45 /* W01-FeliUITests */,
			);
			name = "W01-FeliUITests";
			packageProductDependencies = (
			);
			productName = "W01-FeliUITests";
			productReference = 3FFFF9CE2E72913D007E2D45 /* W01-FeliUITests.xctest */;
			productType = "com.apple.product-type.bundle.ui-testing";
		};
/* End PBXNativeTarget section */

/* Begin PBXProject section */
		3FFFF9AF2E72913B007E2D45 /* Project object */ = {
			isa = PBXProject;
			attributes = {
				BuildIndependentTargetsInParallel = 1;
				LastSwiftUpdateCheck = 1640;
				LastUpgradeCheck = 1640;
				TargetAttributes = {
					3FFFF9B62E72913B007E2D45 = {
						CreatedOnToolsVersion = 16.4;
					};
					3FFFF9C32E72913D007E2D45 = {
						CreatedOnToolsVersion = 16.4;
						TestTargetID = 3FFFF9B62E72913B007E2D45;
					};
					3FFFF9CD2E72913D007E2D45 = {
						CreatedOnToolsVersion = 16.4;
						TestTargetID = 3FFFF9B62E72913B007E2D45;
					};
				};
			};
			buildConfigurationList = 3FFFF9B22E72913B007E2D45 /* Build configuration list for PBXProject "W01-Feli" */;
			developmentRegion = en;
			hasScannedForEncodings = 0;
			knownRegions = (
				en,
				Base,
			);
			mainGroup = 3FFFF9AE2E72913B007E2D45;
			minimizedProjectReferenceProxies = 1;
			preferredProjectObjectVersion = 77;
			productRefGroup = 3FFFF9B82E72913B007E2D45 /* Products */;
			projectDirPath = "";
			projectRoot = "";
			targets = (
				3FFFF9B62E72913B007E2D45 /* W01-Feli */,
				3FFFF9C32E72913D007E2D45 /* W01-FeliTests */,
				3FFFF9CD2E72913D007E2D45 /* W01-FeliUITests */,
			);
		};
/* End PBXProject section */

/* Begin PBXResourcesBuildPhase section */
		3FFFF9B52E72913B007E2D45 /* Resources */ = {
			isa = PBXResourcesBuildPhase;
			buildActionMask = 2147483647;
			files = (
			);
			runOnlyForDeploymentPostprocessing = 0;
		};
		3FFFF9C22E72913D007E2D45 /* Resources */ = {
			isa = PBXResourcesBuildPhase;
			buildActionMask = 2147483647;
			files = (
			);
			runOnlyForDeploymentPostprocessing = 0;
		};
		3FFFF9CC2E72913D007E2D45 /* Resources */ = {
			isa = PBXResourcesBuildPhase;
			buildActionMask = 2147483647;
			files = (
			);
			runOnlyForDeploymentPostprocessing = 0;
		};
/* End PBXResourcesBuildPhase section */

/* Begin PBXSourcesBuildPhase section */
		3FFFF9B32E72913B007E2D45 /* Sources */ = {
			isa = PBXSourcesBuildPhase;
			buildActionMask = 2147483647;
			files = (
			);
			runOnlyForDeploymentPostprocessing = 0;
		};
		3FFFF9C02E72913D007E2D45 /* Sources */ = {
			isa = PBXSourcesBuildPhase;
			buildActionMask = 2147483647;
			files = (
			);
			runOnlyForDeploymentPostprocessing = 0;
		};
		3FFFF9CA2E72913D007E2D45 /* Sources */ = {
			isa = PBXSourcesBuildPhase;
			buildActionMask = 2147483647;
			files = (
			);
			runOnlyForDeploymentPostprocessing = 0;
		};
/* End PBXSourcesBuildPhase section */

/* Begin PBXTargetDependency section */
		3FFFF9C62E72913D007E2D45 /* PBXTargetDependency */ = {
			isa = PBXTargetDependency;
			target = 3FFFF9B62E72913B007E2D45 /* W01-Feli */;
			targetProxy = 3FFFF9C52E72913D007E2D45 /* PBXContainerItemProxy */;
		};
		3FFFF9D02E72913D007E2D45 /* PBXTargetDependency */ = {
			isa = PBXTargetDependency;
			target = 3FFFF9B62E72913B007E2D45 /* W01-Feli */;
			targetProxy = 3FFFF9CF2E72913D007E2D45 /* PBXContainerItemProxy */;
		};
/* End PBXTargetDependency section */

/* Begin XCBuildConfiguration section */
		3FFFF9D62E72913D007E2D45 /* Debug */ = {
			isa = XCBuildConfiguration;
			buildSettings = {
				ALWAYS_SEARCH_USER_PATHS = NO;
				ASSETCATALOG_COMPILER_GENERATE_SWIFT_ASSET_SYMBOL_EXTENSIONS = YES;
				CLANG_ANALYZER_NONNULL = YES;
				CLANG_ANALYZER_NUMBER_OBJECT_CONVERSION = YES_AGGRESSIVE;
				CLANG_CXX_LANGUAGE_STANDARD = "gnu++20";
				CLANG_ENABLE_MODULES = YES;
				CLANG_ENABLE_OBJC_ARC = YES;
				CLANG_ENABLE_OBJC_WEAK = YES;
				CLANG_WARN_BLOCK_CAPTURE_AUTORELEASING = YES;
				CLANG_WARN_BOOL_CONVERSION = YES;
				CLANG_WARN_COMMA = YES;
				CLANG_WARN_CONSTANT_CONVERSION = YES;
				CLANG_WARN_DEPRECATED_OBJC_IMPLEMENTATIONS = YES;
				CLANG_WARN_DIRECT_OBJC_ISA_USAGE = YES_ERROR;
				CLANG_WARN_DOCUMENTATION_COMMENTS = YES;
				CLANG_WARN_EMPTY_BODY = YES;
				CLANG_WARN_ENUM_CONVERSION = YES;
				CLANG_WARN_INFINITE_RECURSION = YES;
				CLANG_WARN_INT_CONVERSION = YES;
				CLANG_WARN_NON_LITERAL_NULL_CONVERSION = YES;
				CLANG_WARN_OBJC_IMPLICIT_RETAIN_SELF = YES;
				CLANG_WARN_OBJC_LITERAL_CONVERSION = YES;
				CLANG_WARN_OBJC_ROOT_CLASS = YES_ERROR;
				CLANG_WARN_QUOTED_INCLUDE_IN_FRAMEWORK_HEADER = YES;
				CLANG_WARN_RANGE_LOOP_ANALYSIS = YES;
				CLANG_WARN_STRICT_PROTOTYPES = YES;
				CLANG_WARN_SUSPICIOUS_MOVE = YES;
				CLANG_WARN_UNGUARDED_AVAILABILITY = YES_AGGRESSIVE;
				CLANG_WARN_UNREACHABLE_CODE = YES;
				CLANG_WARN__DUPLICATE_METHOD_MATCH = YES;
				COPY_PHASE_STRIP = NO;
				DEBUG_INFORMATION_FORMAT = dwarf;
				ENABLE_STRICT_OBJC_MSGSEND = YES;
				ENABLE_TESTABILITY = YES;
				ENABLE_USER_SCRIPT_SANDBOXING = YES;
				GCC_C_LANGUAGE_STANDARD = gnu17;
				GCC_DYNAMIC_NO_PIC = NO;
				GCC_NO_COMMON_BLOCKS = YES;
				GCC_OPTIMIZATION_LEVEL = 0;
				GCC_PREPROCESSOR_DEFINITIONS = (
					"DEBUG=1",
					"$(inherited)",
				);
				GCC_WARN_64_TO_32_BIT_CONVERSION = YES;
				GCC_WARN_ABOUT_RETURN_TYPE = YES_ERROR;
				GCC_WARN_UNDECLARED_SELECTOR = YES;
				GCC_WARN_UNINITIALIZED_AUTOS = YES_AGGRESSIVE;
				GCC_WARN_UNUSED_FUNCTION = YES;
				GCC_WARN_UNUSED_VARIABLE = YES;
				IPHONEOS_DEPLOYMENT_TARGET = 18.5;
				LOCALIZATION_PREFERS_STRING_CATALOGS = YES;
				MTL_ENABLE_DEBUG_INFO = INCLUDE_SOURCE;
				MTL_FAST_MATH = YES;
				ONLY_ACTIVE_ARCH = YES;
				SDKROOT = iphoneos;
				SWIFT_ACTIVE_COMPILATION_CONDITIONS = "DEBUG $(inherited)";
				SWIFT_OPTIMIZATION_LEVEL = "-Onone";
			};
			name = Debug;
		};
		3FFFF9D72E72913D007E2D45 /* Release */ = {
			isa = XCBuildConfiguration;
			buildSettings = {
				ALWAYS_SEARCH_USER_PATHS = NO;
				ASSETCATALOG_COMPILER_GENERATE_SWIFT_ASSET_SYMBOL_EXTENSIONS = YES;
				CLANG_ANALYZER_NONNULL = YES;
				CLANG_ANALYZER_NUMBER_OBJECT_CONVERSION = YES_AGGRESSIVE;
				CLANG_CXX_LANGUAGE_STANDARD = "gnu++20";
				CLANG_ENABLE_MODULES = YES;
				CLANG_ENABLE_OBJC_ARC = YES;
				CLANG_ENABLE_OBJC_WEAK = YES;
				CLANG_WARN_BLOCK_CAPTURE_AUTORELEASING = YES;
				CLANG_WARN_BOOL_CONVERSION = YES;
				CLANG_WARN_COMMA = YES;
				CLANG_WARN_CONSTANT_CONVERSION = YES;
				CLANG_WARN_DEPRECATED_OBJC_IMPLEMENTATIONS = YES;
				CLANG_WARN_DIRECT_OBJC_ISA_USAGE = YES_ERROR;
				CLANG_WARN_DOCUMENTATION_COMMENTS = YES;
				CLANG_WARN_EMPTY_BODY = YES;
				CLANG_WARN_ENUM_CONVERSION = YES;
				CLANG_WARN_INFINITE_RECURSION = YES;
				CLANG_WARN_INT_CONVERSION = YES;
				CLANG_WARN_NON_LITERAL_NULL_CONVERSION = YES;
				CLANG_WARN_OBJC_IMPLICIT_RETAIN_SELF = YES;
				CLANG_WARN_OBJC_LITERAL_CONVERSION = YES;
				CLANG_WARN_OBJC_ROOT_CLASS = YES_ERROR;
				CLANG_WARN_QUOTED_INCLUDE_IN_FRAMEWORK_HEADER = YES;
				CLANG_WARN_RANGE_LOOP_ANALYSIS = YES;
				CLANG_WARN_STRICT_PROTOTYPES = YES;
				CLANG_WARN_SUSPICIOUS_MOVE = YES;
				CLANG_WARN_UNGUARDED_AVAILABILITY = YES_AGGRESSIVE;
				CLANG_WARN_UNREACHABLE_CODE = YES;
				CLANG_WARN__DUPLICATE_METHOD_MATCH = YES;
				COPY_PHASE_STRIP = NO;
				DEBUG_INFORMATION_FORMAT = "dwarf-with-dsym";
				ENABLE_NS_ASSERTIONS = NO;
				ENABLE_STRICT_OBJC_MSGSEND = YES;
				ENABLE_USER_SCRIPT_SANDBOXING = YES;
				GCC_C_LANGUAGE_STANDARD = gnu17;
				GCC_NO_COMMON_BLOCKS = YES;
				GCC_WARN_64_TO_32_BIT_CONVERSION = YES;
				GCC_WARN_ABOUT_RETURN_TYPE = YES_ERROR;
				GCC_WARN_UNDECLARED_SELECTOR = YES;
				GCC_WARN_UNINITIALIZED_AUTOS = YES_AGGRESSIVE;
				GCC_WARN_UNUSED_FUNCTION = YES;
				GCC_WARN_UNUSED_VARIABLE = YES;
				IPHONEOS_DEPLOYMENT_TARGET = 18.5;
				LOCALIZATION_PREFERS_STRING_CATALOGS = YES;
				MTL_ENABLE_DEBUG_INFO = NO;
				MTL_FAST_MATH = YES;
				SDKROOT = iphoneos;
				SWIFT_COMPILATION_MODE = wholemodule;
				VALIDATE_PRODUCT = YES;
			};
			name = Release;
		};
		3FFFF9D92E72913D007E2D45 /* Debug */ = {
			isa = XCBuildConfiguration;
			buildSettings = {
				ASSETCATALOG_COMPILER_APPICON_NAME = AppIcon;
				ASSETCATALOG_COMPILER_GLOBAL_ACCENT_COLOR_NAME = AccentColor;
				CODE_SIGN_STYLE = Automatic;
				CURRENT_PROJECT_VERSION = 1;
				ENABLE_PREVIEWS = YES;
				GENERATE_INFOPLIST_FILE = YES;
				INFOPLIST_KEY_UIApplicationSceneManifest_Generation = YES;
				INFOPLIST_KEY_UIApplicationSupportsIndirectInputEvents = YES;
				INFOPLIST_KEY_UILaunchScreen_Generation = YES;
				INFOPLIST_KEY_UISupportedInterfaceOrientations_iPad = "UIInterfaceOrientationPortrait UIInterfaceOrientationPortraitUpsideDown UIInterfaceOrientationLandscapeLeft UIInterfaceOrientationLandscapeRight";
				INFOPLIST_KEY_UISupportedInterfaceOrientations_iPhone = "UIInterfaceOrientationPortrait UIInterfaceOrientationLandscapeLeft UIInterfaceOrientationLandscapeRight";
				LD_RUNPATH_SEARCH_PATHS = (
					"$(inherited)",
					"@executable_path/Frameworks",
				);
				MARKETING_VERSION = 1.0;
				PRODUCT_BUNDLE_IDENTIFIER = "UC.W01-Feli";
				PRODUCT_NAME = "$(TARGET_NAME)";
				SWIFT_EMIT_LOC_STRINGS = YES;
				SWIFT_VERSION = 5.0;
				TARGETED_DEVICE_FAMILY = "1,2";
			};
			name = Debug;
		};
		3FFFF9DA2E72913D007E2D45 /* Release */ = {
			isa = XCBuildConfiguration;
			buildSettings = {
				ASSETCATALOG_COMPILER_APPICON_NAME = AppIcon;
				ASSETCATALOG_COMPILER_GLOBAL_ACCENT_COLOR_NAME = AccentColor;
				CODE_SIGN_STYLE = Automatic;
				CURRENT_PROJECT_VERSION = 1;
				ENABLE_PREVIEWS = YES;
				GENERATE_INFOPLIST_FILE = YES;
				INFOPLIST_KEY_UIApplicationSceneManifest_Generation = YES;
				INFOPLIST_KEY_UIApplicationSupportsIndirectInputEvents = YES;
				INFOPLIST_KEY_UILaunchScreen_Generation = YES;
				INFOPLIST_KEY_UISupportedInterfaceOrientations_iPad = "UIInterfaceOrientationPortrait UIInterfaceOrientationPortraitUpsideDown UIInterfaceOrientationLandscapeLeft UIInterfaceOrientationLandscapeRight";
				INFOPLIST_KEY_UISupportedInterfaceOrientations_iPhone = "UIInterfaceOrientationPortrait UIInterfaceOrientationLandscapeLeft UIInterfaceOrientationLandscapeRight";
				LD_RUNPATH_SEARCH_PATHS = (
					"$(inherited)",
					"@executable_path/Frameworks",
				);
				MARKETING_VERSION = 1.0;
				PRODUCT_BUNDLE_IDENTIFIER = "UC.W01-Feli";
				PRODUCT_NAME = "$(TARGET_NAME)";
				SWIFT_EMIT_LOC_STRINGS = YES;
				SWIFT_VERSION = 5.0;
				TARGETED_DEVICE_FAMILY = "1,2";
			};
			name = Release;
		};
		3FFFF9DC2E72913D007E2D45 /* Debug */ = {
			isa = XCBuildConfiguration;
			buildSettings = {
				BUNDLE_LOADER = "$(TEST_HOST)";
				CODE_SIGN_STYLE = Automatic;
				CURRENT_PROJECT_VERSION = 1;
				GENERATE_INFOPLIST_FILE = YES;
				IPHONEOS_DEPLOYMENT_TARGET = 18.5;
				MARKETING_VERSION = 1.0;
				PRODUCT_BUNDLE_IDENTIFIER = "UC.W01-FeliTests";
				PRODUCT_NAME = "$(TARGET_NAME)";
				SWIFT_EMIT_LOC_STRINGS = NO;
				SWIFT_VERSION = 5.0;
				TARGETED_DEVICE_FAMILY = "1,2";
				TEST_HOST = "$(BUILT_PRODUCTS_DIR)/W01-Feli.app/$(BUNDLE_EXECUTABLE_FOLDER_PATH)/W01-Feli";
			};
			name = Debug;
		};
		3FFFF9DD2E72913D007E2D45 /* Release */ = {
			isa = XCBuildConfiguration;
			buildSettings = {
				BUNDLE_LOADER = "$(TEST_HOST)";
				CODE_SIGN_STYLE = Automatic;
				CURRENT_PROJECT_VERSION = 1;
				GENERATE_INFOPLIST_FILE = YES;
				IPHONEOS_DEPLOYMENT_TARGET = 18.5;
				MARKETING_VERSION = 1.0;
				PRODUCT_BUNDLE_IDENTIFIER = "UC.W01-FeliTests";
				PRODUCT_NAME = "$(TARGET_NAME)";
				SWIFT_EMIT_LOC_STRINGS = NO;
				SWIFT_VERSION = 5.0;
				TARGETED_DEVICE_FAMILY = "1,2";
				TEST_HOST = "$(BUILT_PRODUCTS_DIR)/W01-Feli.app/$(BUNDLE_EXECUTABLE_FOLDER_PATH)/W01-Feli";
			};
			name = Release;
		};
		3FFFF9DF2E72913D007E2D45 /* Debug */ = {
			isa = XCBuildConfiguration;
			buildSettings = {
				CODE_SIGN_STYLE = Automatic;
				CURRENT_PROJECT_VERSION = 1;
				GENERATE_INFOPLIST_FILE = YES;
				MARKETING_VERSION = 1.0;
				PRODUCT_BUNDLE_IDENTIFIER = "UC.W01-FeliUITests";
				PRODUCT_NAME = "$(TARGET_NAME)";
				SWIFT_EMIT_LOC_STRINGS = NO;
				SWIFT_VERSION = 5.0;
				TARGETED_DEVICE_FAMILY = "1,2";
				TEST_TARGET_NAME = "W01-Feli";
			};
			name = Debug;
		};
		3FFFF9E02E72913D007E2D45 /* Release */ = {
			isa = XCBuildConfiguration;
			buildSettings = {
				CODE_SIGN_STYLE = Automatic;
				CURRENT_PROJECT_VERSION = 1;
				GENERATE_INFOPLIST_FILE = YES;
				MARKETING_VERSION = 1.0;
				PRODUCT_BUNDLE_IDENTIFIER = "UC.W01-FeliUITests";
				PRODUCT_NAME = "$(TARGET_NAME)";
				SWIFT_EMIT_LOC_STRINGS = NO;
				SWIFT_VERSION = 5.0;
				TARGETED_DEVICE_FAMILY = "1,2";
				TEST_TARGET_NAME = "W01-Feli";
			};
			name = Release;
		};
/* End XCBuildConfiguration section */

/* Begin XCConfigurationList section */
		3FFFF9B22E72913B007E2D45 /* Build configuration list for PBXProject "W01-Feli" */ = {
			isa = XCConfigurationList;
			buildConfigurations = (
				3FFFF9D62E72913D007E2D45 /* Debug */,
				3FFFF9D72E72913D007E2D45 /* Release */,
			);
			defaultConfigurationIsVisible = 0;
			defaultConfigurationName = Release;
		};
		3FFFF9D82E72913D007E2D45 /* Build configuration list for PBXNativeTarget "W01-Feli" */ = {
			isa = XCConfigurationList;
			buildConfigurations = (
				3FFFF9D92E72913D007E2D45 /* Debug */,
				3FFFF9DA2E72913D007E2D45 /* Release */,
			);
			defaultConfigurationIsVisible = 0;
			defaultConfigurationName = Release;
		};
		3FFFF9DB2E72913D007E2D45 /* Build configuration list for PBXNativeTarget "W01-FeliTests" */ = {
			isa = XCConfigurationList;
			buildConfigurations = (
				3FFFF9DC2E72913D007E2D45 /* Debug */,
				3FFFF9DD2E72913D007E2D45 /* Release */,
			);
			defaultConfigurationIsVisible = 0;
			defaultConfigurationName = Release;
		};
		3FFFF9DE2E72913D007E2D45 /* Build configuration list for PBXNativeTarget "W01-FeliUITests" */ = {
			isa = XCConfigurationList;
			buildConfigurations = (
				3FFFF9DF2E72913D007E2D45 /* Debug */,
				3FFFF9E02E72913D007E2D45 /* Release */,
			);
			defaultConfigurationIsVisible = 0;
			defaultConfigurationName = Release;
		};
/* End XCConfigurationList section */
	};
	rootObject = 3FFFF9AF2E72913B007E2D45 /* Project object */;
}
